Microsoft Visual Studio Solution File, Format Version 12.00
# Visual Studio Version 17
VisualStudioVersion = 17.5.2.0
MinimumVisualStudioVersion = 10.0.40219.1
Project("{2150E333-8FDC-42A3-9474-1A3956D46DE8}") = "src", "src", "{827E0CD3-B72D-47B6-A68D-7590B98EB39B}"
EndProject
Project("{2150E333-8FDC-42A3-9474-1A3956D46DE8}") = "api", "api", "{81034408-37C8-1011-444E-4C15C2FADA8E}"
EndProject
Project("{FAE04EC0-301F-11D3-BF4B-00C04F79EFBC}") = "MahEstoque.Api", "src\api\MahEstoque.Api\MahEstoque.Api.csproj", "{80D4CCF1-0103-27FC-F06B-4F0C0AF0DB8B}"
EndProject
Global
	GlobalSection(SolutionConfigurationPlatforms) = preSolution
		Debug|Any CPU = Debug|Any CPU
		Release|Any CPU = Release|Any CPU
	EndGlobalSection
	GlobalSection(ProjectConfigurationPlatforms) = postSolution
		{80D4CCF1-0103-27FC-F06B-4F0C0AF0DB8B}.Debug|Any CPU.ActiveCfg = Debug|Any CPU
		{80D4CCF1-0103-27FC-F06B-4F0C0AF0DB8B}.Debug|Any CPU.Build.0 = Debug|Any CPU
		{80D4CCF1-0103-27FC-F06B-4F0C0AF0DB8B}.Release|Any CPU.ActiveCfg = Release|Any CPU
		{80D4CCF1-0103-27FC-F06B-4F0C0AF0DB8B}.Release|Any CPU.Build.0 = Release|Any CPU
	EndGlobalSection
	GlobalSection(SolutionProperties) = preSolution
		HideSolutionNode = FALSE
	EndGlobalSection
	GlobalSection(NestedProjects) = preSolution
		{81034408-37C8-1011-444E-4C15C2FADA8E} = {827E0CD3-B72D-47B6-A68D-7590B98EB39B}
		{80D4CCF1-0103-27FC-F06B-4F0C0AF0DB8B} = {81034408-37C8-1011-444E-4C15C2FADA8E}
	EndGlobalSection
	GlobalSection(ExtensibilityGlobals) = postSolution
		SolutionGuid = {629FB88E-4C00-4429-BEA3-E0C3E60AFDE4}
	EndGlobalSection
EndGlobal
